
Microsoft Visual Studio Solution File, Format Version 12.00
# Visual Studio Version 17
VisualStudioVersion = 17.11.35222.181
MinimumVisualStudioVersion = 10.0.40219.1
Project("{FAE04EC0-301F-11D3-BF4B-00C04F79EFBC}") = "MVCSession1", "MVCSession1.csproj", "{C89514AF-CB54-464B-8F93-74758491CAE8}"
EndProject
Project("{FAE04EC0-301F-11D3-BF4B-00C04F79EFBC}") = "WebApplication1", "..\WebApplication1\WebApplication1.csproj", "{85C3E6F7-8899-4DC4-BC08-9336D29BDFF3}"
EndProject
Global
	GlobalSection(SolutionConfigurationPlatforms) = preSolution
		Debug|Any CPU = Debug|Any CPU
		Release|Any CPU = Release|Any CPU
	EndGlobalSection
	GlobalSection(ProjectConfigurationPlatforms) = postSolution
		{C89514AF-CB54-464B-8F93-74758491CAE8}.Debug|Any CPU.ActiveCfg = Debug|Any CPU
		{C89514AF-CB54-464B-8F93-74758491CAE8}.Debug|Any CPU.Build.0 = Debug|Any CPU
		{C89514AF-CB54-464B-8F93-74758491CAE8}.Release|Any CPU.ActiveCfg = Release|Any CPU
		{C89514AF-CB54-464B-8F93-74758491CAE8}.Release|Any CPU.Build.0 = Release|Any CPU
		{85C3E6F7-8899-4DC4-BC08-9336D29BDFF3}.Debug|Any CPU.ActiveCfg = Debug|Any CPU
		{85C3E6F7-8899-4DC4-BC08-9336D29BDFF3}.Debug|Any CPU.Build.0 = Debug|Any CPU
		{85C3E6F7-8899-4DC4-BC08-9336D29BDFF3}.Release|Any CPU.ActiveCfg = Release|Any CPU
		{85C3E6F7-8899-4DC4-BC08-9336D29BDFF3}.Release|Any CPU.Build.0 = Release|Any CPU
	EndGlobalSection
	GlobalSection(SolutionProperties) = preSolution
		HideSolutionNode = FALSE
	EndGlobalSection
	GlobalSection(ExtensibilityGlobals) = postSolution
		SolutionGuid = {90FB31F4-7A55-48A4-95CE-8E17440E4F9C}
	EndGlobalSection
EndGlobal
